
Microsoft Visual Studio Solution File, Format Version 12.00
# Visual Studio Version 17
VisualStudioVersion = 17.0.31912.275
MinimumVisualStudioVersion = 10.0.40219.1
Project("{FAE04EC0-301F-11D3-BF4B-00C04F79EFBC}") = "UniversityStudentRecords", "UniversityStudentRecords\UniversityStudentRecords.csproj", "{BDDB60C8-F189-48C0-834F-763AFEBE48EC}"
EndProject
Global
	GlobalSection(SolutionConfigurationPlatforms) = preSolution
		Debug|Any CPU = Debug|Any CPU
		Release|Any CPU = Release|Any CPU
	EndGlobalSection
	GlobalSection(ProjectConfigurationPlatforms) = postSolution
		{BDDB60C8-F189-48C0-834F-763AFEBE48EC}.Debug|Any CPU.ActiveCfg = Debug|Any CPU
		{BDDB60C8-F189-48C0-834F-763AFEBE48EC}.Debug|Any CPU.Build.0 = Debug|Any CPU
		{BDDB60C8-F189-48C0-834F-763AFEBE48EC}.Release|Any CPU.ActiveCfg = Release|Any CPU
		{BDDB60C8-F189-48C0-834F-763AFEBE48EC}.Release|Any CPU.Build.0 = Release|Any CPU
	EndGlobalSection
	GlobalSection(SolutionProperties) = preSolution
		HideSolutionNode = FALSE
	EndGlobalSection
	GlobalSection(ExtensibilityGlobals) = postSolution
		SolutionGuid = {3A550569-837A-4748-9D1C-81DF770B0EEB}
	EndGlobalSection
EndGlobal
